
Microsoft Visual Studio Solution File, Format Version 12.00
# Visual Studio Version 17
VisualStudioVersion = 17.10.34804.81
MinimumVisualStudioVersion = 10.0.40219.1
Project("{FAE04EC0-301F-11D3-BF4B-00C04F79EFBC}") = "Week9lists", "Week9\Week9lists.csproj", "{9C202556-A61B-4077-9D66-A6A2CBEDDEB0}"
EndProject
Global
	GlobalSection(SolutionConfigurationPlatforms) = preSolution
		Debug|Any CPU = Debug|Any CPU
		Release|Any CPU = Release|Any CPU
	EndGlobalSection
	GlobalSection(ProjectConfigurationPlatforms) = postSolution
		{9C202556-A61B-4077-9D66-A6A2CBEDDEB0}.Debug|Any CPU.ActiveCfg = Debug|Any CPU
		{9C202556-A61B-4077-9D66-A6A2CBEDDEB0}.Debug|Any CPU.Build.0 = Debug|Any CPU
		{9C202556-A61B-4077-9D66-A6A2CBEDDEB0}.Release|Any CPU.ActiveCfg = Release|Any CPU
		{9C202556-A61B-4077-9D66-A6A2CBEDDEB0}.Release|Any CPU.Build.0 = Release|Any CPU
	EndGlobalSection
	GlobalSection(SolutionProperties) = preSolution
		HideSolutionNode = FALSE
	EndGlobalSection
	GlobalSection(ExtensibilityGlobals) = postSolution
		SolutionGuid = {18143902-B8C0-4C7A-81E3-6731F913C5B7}
	EndGlobalSection
EndGlobal
